id: bun-lock

info:
  name: Bun Lock File Disclosure
  author: noraj
  severity: info
  description: |
    The bun.lockb file is similar to the package-lock.json file used by npm or the yarn.lock file used by Yarn. It serves as a lock file that ensures consistent and reproducible installations of dependencies across different environments.
  reference:
    - https://bun.sh/docs/install/lockfile
  metadata:
    verified: true
    max-request: 1
    fofa-query: body=="bun.lockb"
  tags: exposure,files,node,npm,bun

http:
  - method: GET
    path:
      - "{{BaseURL}}/bun.lockb"

    matchers-condition: and
    matchers:
      - type: word
        part: body
        words:
          - "bun-lockfile-format-v0"
          - "#!/usr/bin/env bun"
        condition: or

      - type: word
        part: header
        words:
          - "application/octet-stream"

      - type: status
        status:
          - 200
# digest: 490a0046304402207ee63d335f5578b02ee4850df67d200f6794b667cd3fe2d968e102e78cce9b4a02206728900fe28bc7c4c064a42cdca6550e6dba33f336dc07b406955a363f22f553:922c64590222798bb761d5b6d8e72950