id: pipfile-lock

info:
  name: Pipfile.lock Disclosure
  author: DhiyaneshDK
  severity: info
  metadata:
    verified: true
    max-request: 1
    shodan-query: html:"Pipfile"
  tags: exposure,pip,devops,cicd,files

http:
  - method: GET
    path:
      - "{{BaseURL}}/Pipfile.lock"

    matchers-condition: and
    matchers:
      - type: word
        part: body
        words:
          - '"pipfile-spec":'
          - '"requires"'
        condition: and

      - type: status
        status:
          - 200

# digest: 4a0a0047304502204fe93279b65a455dafed509db758f048f2a7807a2c13a77bbcbafbfd3319de5a022100908582b2ce6951f6e413805ea117842719c6df2b11addf68b8350f6ffb2b097a:922c64590222798bb761d5b6d8e72950
