id: pipfile-lock

info:
  name: Pipfile.lock Disclosure
  author: DhiyaneshDK
  severity: info
  metadata:
    verified: true
    max-request: 1
    shodan-query: html:"Pipfile"
  tags: exposure,pip,devops,cicd,files

http:
  - method: GET
    path:
      - "{{BaseURL}}/Pipfile.lock"

    matchers-condition: and
    matchers:
      - type: word
        part: body
        words:
          - '"pipfile-spec":'
          - '"requires"'
        condition: and

      - type: status
        status:
          - 200
# digest: 4a0a0047304502206831e285ea748dfbc96af376287a9243842964b9bccb4195bb3d2bfba33a67f30221009c6bcd3d3d02af9eb3d190b46825572782a864ec7734a6f6b76a221054671d2c:922c64590222798bb761d5b6d8e72950