id: pnpm-lock

info:
  name: PNPM Lock Yaml File Disclosure
  author: noraj
  severity: info
  description: |
    The pnpm-lock.yaml file is similar to the package-lock.json file used by npm or the yarn.lock file used by Yarn. It serves as a lock file that ensures consistent and reproducible installations of dependencies across different environments.
  reference:
    - https://pnpm.io/cli/install#tldr
  metadata:
    verified: true
    max-request: 1
    shodan-query: html:"pnpm-lock.yaml"
  tags: exposure,files,node,npm,pnpm

http:
  - method: GET
    path:
      - "{{BaseURL}}/pnpm-lock.yaml"

    matchers-condition: and
    matchers:
      - type: word
        part: body
        words:
          - "lockfileVersion:"
          - "specifiers:"
          - "packages:"
        condition: and

      - type: status
        status:
          - 200
# digest: 4a0a004730450221008bffb1108f9113d28b6149b0a74c5b5d4a82df7d5adacac31178610206dff95c02203bb129e6c5514eff1a6f83de67a62de0cf6c200f1300dba3416265ff2908fbfd:922c64590222798bb761d5b6d8e72950