id: yarn-lock

info:
  name: Yarn Lock File Disclosure
  author: oppsec,noraj
  severity: info
  description: |
    The yarn.lock file stores the versions of each Yarn dependency installed. It's a lock file for package.json.
  reference:
    - https://classic.yarnpkg.com/lang/en/docs/yarn-lock/
  metadata:
    max-request: 1
  tags: exposure,files,yarn

http:
  - method: GET
    path:
      - "{{BaseURL}}/yarn.lock"

    matchers-condition: and
    matchers:
      - type: word
        part: body
        words:
          - "# THIS IS AN AUTOGENERATED FILE. DO NOT EDIT THIS FILE DIRECTLY."
          - "# yarn lockfile v1"
        condition: and

      - type: word
        part: header
        words:
          - "text/html"

      - type: status
        status:
          - 200
# digest: 4a0a00473045022036b4a61a48d2374acda9305d6a2c6477c12883d228ef7fe727fea2ac12d5fe00022100ced117c5083db869a86cdc449638a9a80776fdc0aa4bc77347b0c4ff40b7f5c9:922c64590222798bb761d5b6d8e72950