id: privesc-flock

info:
  name: Flock - Privilege Escalation
  author: daffainfo
  severity: high
  description: |
    flock is a command-line utility in Unix-like operating systems that is used to manage file locks. It can be used to synchronize access to a file among multiple processes, preventing conflicts and ensuring data integrity. Additionally, flock can be used in shell scripts to control access to critical sections of code.
  reference:
    - https://gtfobins.github.io/gtfobins/flock/
  metadata:
    verified: true
    max-request: 3
  tags: code,linux,flock,privesc

self-contained: true
code:
  - engine:
      - sh
      - bash
    source: |
      whoami

  - engine:
      - sh
      - bash
    source: |
      flock -u / whoami

  - engine:
      - sh
      - bash
    source: |
      sudo flock -u / whoami

    matchers-condition: and
    matchers:
      - type: word
        part: code_1_response
        words:
          - "root"
        negative: true

      - type: dsl
        dsl:
          - 'contains(code_2_response, "root")'
          - 'contains(code_3_response, "root")'
        condition: or
# digest: 490a004630440220095b9fb13d587a90fddf585b86271042a12db4949a1b84193afc34720efbcd7202204a607cc6dba30642b2c4c51049bfb55a8442580a70661e97f150cb7e453d8767:922c64590222798bb761d5b6d8e72950