id: api-block

info:
  name: block.io API Test
  author: daffainfo
  severity: info
  description: Bitcoin Payment, Wallet & Transaction Data
  reference:
    - https://block.io/docs/basic
    - https://github.com/daffainfo/all-about-apikey/tree/main/block
  metadata:
    max-request: 1
  tags: token-spray,block

self-contained: true

http:
  - method: GET
    path:
      - "https://block.io/api/v2/get_balance/?api_key={{token}}"

    matchers:
      - type: word
        part: body
        words:
          - '"network"'
          - '"available_balance"'
          - '"pending_received_balance"'
        condition: and
# digest: 4a0a00473045022100fbfc87d9a3b796f119d5e23c1f6be4db730890f75e43462e06e91a5ef3e5f33f02205de09b114c908b45dab55f431019008553039f9611ee70763ccdf172d1ef16d5:922c64590222798bb761d5b6d8e72950