id: ulanzi-clock

info:
  name: Ulanzi Clock Detect
  author: fabaff
  severity: info
  description: Ulanzi Clock panel was detected.
  metadata:
    max-request: 1
  tags: panel,ulanzi,iot

http:
  - method: GET
    path:
      - '{{BaseURL}}'

    matchers-condition: and
    matchers:
      - type: word
        part: body
        words:
          - '<title>Ulanzi Clock</title>'

      - type: status
        status:
          - 200
# digest: 4a0a0047304502201663a57adc62f7254afbcde4d6b9264b3eb43686659e918e7ce17f02aa6de342022100e0a53cb58a03f10a2594abf21d472200bdca71155b24f5ddc5e60465ecb7ecc3:922c64590222798bb761d5b6d8e72950