id: ulanzi-clock

info:
  name: Ulanzi Clock Detect
  author: fabaff
  severity: info
  description: Ulanzi Clock panel was detected.
  metadata:
    max-request: 1
  tags: panel,ulanzi,iot

http:
  - method: GET
    path:
      - '{{BaseURL}}'

    matchers-condition: and
    matchers:
      - type: word
        part: body
        words:
          - '<title>Ulanzi Clock</title>'

      - type: status
        status:
          - 200
# digest: 4a0a00473045022100c9efb656ab571b6eaad24570e0b196b7152a993954082837b2bd7fa52558bb9e02206fd86eb74ac2b63b2e114f8bfc5e0db033a8532796cb2c0301c985b9d58fda44:922c64590222798bb761d5b6d8e72950